{
  "name": "locustjs-logging",
  "version": "1.0.9",
  "lockfileVersion": 1,
  "requires": true,
  "dependencies": {
    "locustjs-base": {
      "version": "1.0.10",
      "resolved": "https://registry.npmjs.org/locustjs-base/-/locustjs-base-1.0.10.tgz",
      "integrity": "sha512-9UCLhXqbHjf6nzkWrTbTAyyxk6MvhcS6UcwoVaCIElI0YotYi58V5NMJbavZBmlRizUULEhojxXRiKlvz6Wr2w=="
    },
    "locustjs-enum": {
      "version": "1.0.1",
      "resolved": "https://registry.npmjs.org/locustjs-enum/-/locustjs-enum-1.0.1.tgz",
      "integrity": "sha512-6MDcVu4/MNSSbgwPNmTaQKdqBsQZ8PvHX+7qHSdhnj40RBxWObe7NPp/vbWHxeGkN6UuY61lHFITIQqIvp+Row==",
      "requires": {
        "locustjs-base": "^1.0.9"
      },
      "dependencies": {
        "locustjs-base": {
          "version": "1.0.9",
          "resolved": "https://registry.npmjs.org/locustjs-base/-/locustjs-base-1.0.9.tgz",
          "integrity": "sha512-PnpOg0JwPjy/PKtXIflz1+xmge3u1ktzFICBJtHzUfyj4sGEZpcc4EfZ5w2yl5azg/c+SpAzjgNe+3dJWQci/A=="
        }
      }
    },
    "locustjs-exception": {
      "version": "1.0.1",
      "resolved": "https://registry.npmjs.org/locustjs-exception/-/locustjs-exception-1.0.1.tgz",
      "integrity": "sha512-Pr9bawYLTWLs2CyaOf6PwZDVybKkKiZKon6kIClsmkx7dP6YCzUY7Lxm+8Vl4L9yoVUNCnhrReVRZu4LTJb3JQ==",
      "requires": {
        "locustjs-base": "^1.0.9"
      }
    },
    "locustjs-storage": {
      "version": "1.0.0",
      "resolved": "https://registry.npmjs.org/locustjs-storage/-/locustjs-storage-1.0.0.tgz",
      "integrity": "sha512-UXwWewhEJ8yCzIw7cyPtwjFDJLxYq+/8W+OBRv6ex2Z4KmltrmuQBNTFbRPGRGlRuOS2pBSB8kg5UlhboOqWFw==",
      "requires": {
        "locustjs-base": "^1.0.12",
        "locustjs-exception": "^1.0.2"
      },
      "dependencies": {
        "locustjs-base": {
          "version": "1.0.12",
          "resolved": "https://registry.npmjs.org/locustjs-base/-/locustjs-base-1.0.12.tgz",
          "integrity": "sha512-6uVuErbsSPTynQ9Qo3a1Eo9LieVZaxp4obLvzozNkHA+A6z+uShkWBdrto7Er8UpPC3Qxlw4fCfqQiP8vs697w=="
        },
        "locustjs-exception": {
          "version": "1.0.2",
          "resolved": "https://registry.npmjs.org/locustjs-exception/-/locustjs-exception-1.0.2.tgz",
          "integrity": "sha512-B3WvoixE7l+Ja1ntZ61qQ6CDbjv0ZZKE+g3znSryly0nbZRYUpXvnJu0L5WLVGLPYiaFU16rAU51S4t81u17bg==",
          "requires": {
            "locustjs-base": "^1.0.9"
          }
        }
      }
    }
  }
}
